
Microsoft Visual Studio Solution File, Format Version 12.00
# Visual Studio Version 16
VisualStudioVersion = 16.0.30503.244
MinimumVisualStudioVersion = 10.0.40219.1
Project("{FAE04EC0-301F-11D3-BF4B-00C04F79EFBC}") = "MvcMusicStore", "MvcMusicStore\MvcMusicStore.csproj", "{F7EB9ECB-A765-4AAB-AB2E-6134EAEAA99A}"
EndProject
Global
	GlobalSection(SolutionConfigurationPlatforms) = preSolution
		Debug|Any CPU = Debug|Any CPU
		Release|Any CPU = Release|Any CPU
	EndGlobalSection
	GlobalSection(ProjectConfigurationPlatforms) = postSolution
		{F7EB9ECB-A765-4AAB-AB2E-6134EAEAA99A}.Debug|Any CPU.ActiveCfg = Debug|Any CPU
		{F7EB9ECB-A765-4AAB-AB2E-6134EAEAA99A}.Debug|Any CPU.Build.0 = Debug|Any CPU
		{F7EB9ECB-A765-4AAB-AB2E-6134EAEAA99A}.Release|Any CPU.ActiveCfg = Release|Any CPU
		{F7EB9ECB-A765-4AAB-AB2E-6134EAEAA99A}.Release|Any CPU.Build.0 = Release|Any CPU
	EndGlobalSection
	GlobalSection(SolutionProperties) = preSolution
		HideSolutionNode = FALSE
	EndGlobalSection
	GlobalSection(ExtensibilityGlobals) = postSolution
		SolutionGuid = {D20A2B09-3A75-4BBF-93F1-737022FE7063}
	EndGlobalSection
EndGlobal
